
Microsoft Visual Studio Solution File, Format Version 12.00
# Visual Studio Version 16
VisualStudioVersion = 16.0.31129.286
MinimumVisualStudioVersion = 10.0.40219.1
Project("{FAE04EC0-301F-11D3-BF4B-00C04F79EFBC}") = "PhoneBook", "PhoneBook\PhoneBook.csproj", "{3A8C95A4-5EF9-4EC3-A232-0AB083091404}"
EndProject
Global
	GlobalSection(SolutionConfigurationPlatforms) = preSolution
		Debug|Any CPU = Debug|Any CPU
		Release|Any CPU = Release|Any CPU
	EndGlobalSection
	GlobalSection(ProjectConfigurationPlatforms) = postSolution
		{3A8C95A4-5EF9-4EC3-A232-0AB083091404}.Debug|Any CPU.ActiveCfg = Debug|Any CPU
		{3A8C95A4-5EF9-4EC3-A232-0AB083091404}.Debug|Any CPU.Build.0 = Debug|Any CPU
		{3A8C95A4-5EF9-4EC3-A232-0AB083091404}.Release|Any CPU.ActiveCfg = Release|Any CPU
		{3A8C95A4-5EF9-4EC3-A232-0AB083091404}.Release|Any CPU.Build.0 = Release|Any CPU
	EndGlobalSection
	GlobalSection(SolutionProperties) = preSolution
		HideSolutionNode = FALSE
	EndGlobalSection
	GlobalSection(ExtensibilityGlobals) = postSolution
		SolutionGuid = {E5125D13-C3A4-4630-8C1F-DD296690EB27}
	EndGlobalSection
EndGlobal
